// !$*UTF8*$!
{
	archiveVersion = 1;
	classes = {
	};
	objectVersion = 46;
	objects = {

/* Begin PBXBuildFile section */
		186043CE1FB058E700DF6C86 /* WJPickView.m in Sources */ = {isa = PBXBuildFile; fileRef = 186043CD1FB058E700DF6C86 /* WJPickView.m */; };
		186043E21FB1D85D00DF6C86 /* CustomPickView.m in Sources */ = {isa = PBXBuildFile; fileRef = 186043E11FB1D85B00DF6C86 /* CustomPickView.m */; };
		189397321FB5DCAD008A359C /* co.jpg in Resources */ = {isa = PBXBuildFile; fileRef = 189397311FB5DCAD008A359C /* co.jpg */; };
		1898588B1FAD9AD00083BF89 /* UIView+Extension.m in Sources */ = {isa = PBXBuildFile; fileRef = 1898588A1FAD9AD00083BF89 /* UIView+Extension.m */; };
		189858A71FAD9B130083BF89 /* Info.plist in Resources */ = {isa = PBXBuildFile; fileRef = 1898588D1FAD9B130083BF89 /* Info.plist */; };
		189858A81FAD9B130083BF89 /* MASCompositeConstraint.m in Sources */ = {isa = PBXBuildFile; fileRef = 1898588F1FAD9B130083BF89 /* MASCompositeConstraint.m */; };
		189858A91FAD9B130083BF89 /* MASConstraint.m in Sources */ = {isa = PBXBuildFile; fileRef = 189858921FAD9B130083BF89 /* MASConstraint.m */; };
		189858AA1FAD9B130083BF89 /* MASConstraintMaker.m in Sources */ = {isa = PBXBuildFile; fileRef = 189858941FAD9B130083BF89 /* MASConstraintMaker.m */; };
		189858AB1FAD9B130083BF89 /* MASLayoutConstraint.m in Sources */ = {isa = PBXBuildFile; fileRef = 189858961FAD9B130083BF89 /* MASLayoutConstraint.m */; };
		189858AC1FAD9B130083BF89 /* MASViewAttribute.m in Sources */ = {isa = PBXBuildFile; fileRef = 1898589A1FAD9B130083BF89 /* MASViewAttribute.m */; };
		189858AD1FAD9B130083BF89 /* MASViewConstraint.m in Sources */ = {isa = PBXBuildFile; fileRef = 1898589C1FAD9B130083BF89 /* MASViewConstraint.m */; };
		189858AE1FAD9B130083BF89 /* NSArray+MASAdditions.m in Sources */ = {isa = PBXBuildFile; fileRef = 1898589E1FAD9B130083BF89 /* NSArray+MASAdditions.m */; };
		189858AF1FAD9B130083BF89 /* NSLayoutConstraint+MASDebugAdditions.m in Sources */ = {isa = PBXBuildFile; fileRef = 189858A11FAD9B130083BF89 /* NSLayoutConstraint+MASDebugAdditions.m */; };
		189858B01FAD9B130083BF89 /* View+MASAdditions.m in Sources */ = {isa = PBXBuildFile; fileRef = 189858A31FAD9B130083BF89 /* View+MASAdditions.m */; };
		189858B11FAD9B130083BF89 /* ViewController+MASAdditions.m in Sources */ = {isa = PBXBuildFile; fileRef = 189858A61FAD9B130083BF89 /* ViewController+MASAdditions.m */; };
		18B94C911FAD944F001DA6A9 /* main.m in Sources */ = {isa = PBXBuildFile; fileRef = 18B94C901FAD944F001DA6A9 /* main.m */; };
		18B94C941FAD944F001DA6A9 /* AppDelegate.m in Sources */ = {isa = PBXBuildFile; fileRef = 18B94C931FAD944F001DA6A9 /* AppDelegate.m */; };
		18B94C971FAD944F001DA6A9 /* ViewController.m in Sources */ = {isa = PBXBuildFile; fileRef = 18B94C961FAD944F001DA6A9 /* ViewController.m */; };
		18B94C9A1FAD944F001DA6A9 /* Main.storyboard in Resources */ = {isa = PBXBuildFile; fileRef = 18B94C981FAD944F001DA6A9 /* Main.storyboard */; };
		18B94C9C1FAD944F001DA6A9 /* Assets.xcassets in Resources */ = {isa = PBXBuildFile; fileRef = 18B94C9B1FAD944F001DA6A9 /* Assets.xcassets */; };
		18B94C9F1FAD944F001DA6A9 /* LaunchScreen.storyboard in Resources */ = {isa = PBXBuildFile; fileRef = 18B94C9D1FAD944F001DA6A9 /* LaunchScreen.storyboard */; };
		18B94CAA1FAD9452001DA6A9 /* PickDemoTests.m in Sources */ = {isa = PBXBuildFile; fileRef = 18B94CA91FAD9452001DA6A9 /* PickDemoTests.m */; };
		18B94CB51FAD9452001DA6A9 /* PickDemoUITests.m in Sources */ = {isa = PBXBuildFile; fileRef = 18B94CB41FAD9452001DA6A9 /* PickDemoUITests.m */; };
/* End PBXBuildFile section */

/* Begin PBXContainerItemProxy section */
		18B94CA61FAD9452001DA6A9 /* PBXContainerItemProxy */ = {
			isa = PBXContainerItemProxy;
			containerPortal = 18B94C841FAD944E001DA6A9 /* Project object */;
			proxyType = 1;
			remoteGlobalIDString = 18B94C8B1FAD944F001DA6A9;
			remoteInfo = PickDemo;
		};
		18B94CB11FAD9452001DA6A9 /* PBXContainerItemProxy */ = {
			isa = PBXContainerItemProxy;
			containerPortal = 18B94C841FAD944E001DA6A9 /* Project object */;
			proxyType = 1;
			remoteGlobalIDString = 18B94C8B1FAD944F001DA6A9;
			remoteInfo = PickDemo;
		};
/* End PBXContainerItemProxy section */

/* Begin PBXFileReference section */
		186043CC1FB058E700DF6C86 /* WJPickView.h */ = {isa = PBXFileReference; lastKnownFileType = sourcecode.c.h; path = WJPickView.h; sourceTree = "<group>"; };
		186043CD1FB058E700DF6C86 /* WJPickView.m */ = {isa = PBXFileReference; lastKnownFileType = sourcecode.c.objc; path = WJPickView.m; sourceTree = "<group>"; };
		186043E01FB1D85B00DF6C86 /* CustomPickView.h */ = {isa = PBXFileReference; lastKnownFileType = sourcecode.c.h; path = CustomPickView.h; sourceTree = "<group>"; };
		186043E11FB1D85B00DF6C86 /* CustomPickView.m */ = {isa = PBXFileReference; lastKnownFileType = sourcecode.c.objc; path = CustomPickView.m; sourceTree = "<group>"; };
		189397311FB5DCAD008A359C /* co.jpg */ = {isa = PBXFileReference; lastKnownFileType = image.jpeg; path = co.jpg; sourceTree = "<group>"; };
		189858891FAD9AD00083BF89 /* UIView+Extension.h */ = {isa = PBXFileReference; fileEncoding = 4; lastKnownFileType = sourcecode.c.h; path = "UIView+Extension.h"; sourceTree = "<group>"; };
		1898588A1FAD9AD00083BF89 /* UIView+Extension.m */ = {isa = PBXFileReference; fileEncoding = 4; lastKnownFileType = sourcecode.c.objc; path = "UIView+Extension.m"; sourceTree = "<group>"; };
		1898588D1FAD9B130083BF89 /* Info.plist */ = {isa = PBXFileReference; fileEncoding = 4; lastKnownFileType = text.plist.xml; path = Info.plist; sourceTree = "<group>"; };
		1898588E1FAD9B130083BF89 /* MASCompositeConstraint.h */ = {isa = PBXFileReference; fileEncoding = 4; lastKnownFileType = sourcecode.c.h; path = MASCompositeConstraint.h; sourceTree = "<group>"; };
		1898588F1FAD9B130083BF89 /* MASCompositeConstraint.m */ = {isa = PBXFileReference; fileEncoding = 4; lastKnownFileType = sourcecode.c.objc; path = MASCompositeConstraint.m; sourceTree = "<group>"; };
		189858901FAD9B130083BF89 /* MASConstraint+Private.h */ = {isa = PBXFileReference; fileEncoding = 4; lastKnownFileType = sourcecode.c.h; path = "MASConstraint+Private.h"; sourceTree = "<group>"; };
		189858911FAD9B130083BF89 /* MASConstraint.h */ = {isa = PBXFileReference; fileEncoding = 4; lastKnownFileType = sourcecode.c.h; path = MASConstraint.h; sourceTree = "<group>"; };
		189858921FAD9B130083BF89 /* MASConstraint.m */ = {isa = PBXFileReference; fileEncoding = 4; lastKnownFileType = sourcecode.c.objc; path = MASConstraint.m; sourceTree = "<group>"; };
		189858931FAD9B130083BF89 /* MASConstraintMaker.h */ = {isa = PBXFileReference; fileEncoding = 4; lastKnownFileType = sourcecode.c.h; path = MASConstraintMaker.h; sourceTree = "<group>"; };
		189858941FAD9B130083BF89 /* MASConstraintMaker.m */ = {isa = PBXFileReference; fileEncoding = 4; lastKnownFileType = sourcecode.c.objc; path = MASConstraintMaker.m; sourceTree = "<group>"; };
		189858951FAD9B130083BF89 /* MASLayoutConstraint.h */ = {isa = PBXFileReference; fileEncoding = 4; lastKnownFileType = sourcecode.c.h; path = MASLayoutConstraint.h; sourceTree = "<group>"; };
		189858961FAD9B130083BF89 /* MASLayoutConstraint.m */ = {isa = PBXFileReference; fileEncoding = 4; lastKnownFileType = sourcecode.c.objc; path = MASLayoutConstraint.m; sourceTree = "<group>"; };
		189858971FAD9B130083BF89 /* Masonry.h */ = {isa = PBXFileReference; fileEncoding = 4; lastKnownFileType = sourcecode.c.h; path = Masonry.h; sourceTree = "<group>"; };
		189858981FAD9B130083BF89 /* MASUtilities.h */ = {isa = PBXFileReference; fileEncoding = 4; lastKnownFileType = sourcecode.c.h; path = MASUtilities.h; sourceTree = "<group>"; };
		189858991FAD9B130083BF89 /* MASViewAttribute.h */ = {isa = PBXFileReference; fileEncoding = 4; lastKnownFileType = sourcecode.c.h; path = MASViewAttribute.h; sourceTree = "<group>"; };
		1898589A1FAD9B130083BF89 /* MASViewAttribute.m */ = {isa = PBXFileReference; fileEncoding = 4; lastKnownFileType = sourcecode.c.objc; path = MASViewAttribute.m; sourceTree = "<group>"; };
		1898589B1FAD9B130083BF89 /* MASViewConstraint.h */ = {isa = PBXFileReference; fileEncoding = 4; lastKnownFileType = sourcecode.c.h; path = MASViewConstraint.h; sourceTree = "<group>"; };
		1898589C1FAD9B130083BF89 /* MASViewConstraint.m */ = {isa = PBXFileReference; fileEncoding = 4; lastKnownFileType = sourcecode.c.objc; path = MASViewConstraint.m; sourceTree = "<group>"; };
		1898589D1FAD9B130083BF89 /* NSArray+MASAdditions.h */ = {isa = PBXFileReference; fileEncoding = 4; lastKnownFileType = sourcecode.c.h; path = "NSArray+MASAdditions.h"; sourceTree = "<group>"; };
		1898589E1FAD9B130083BF89 /* NSArray+MASAdditions.m */ = {isa = PBXFileReference; fileEncoding = 4; lastKnownFileType = sourcecode.c.objc; path = "NSArray+MASAdditions.m"; sourceTree = "<group>"; };
		1898589F1FAD9B130083BF89 /* NSArray+MASShorthandAdditions.h */ = {isa = PBXFileReference; fileEncoding = 4; lastKnownFileType = sourcecode.c.h; path = "NSArray+MASShorthandAdditions.h"; sourceTree = "<group>"; };
		189858A01FAD9B130083BF89 /* NSLayoutConstraint+MASDebugAdditions.h */ = {isa = PBXFileReference; fileEncoding = 4; lastKnownFileType = sourcecode.c.h; path = "NSLayoutConstraint+MASDebugAdditions.h"; sourceTree = "<group>"; };
		189858A11FAD9B130083BF89 /* NSLayoutConstraint+MASDebugAdditions.m */ = {isa = PBXFileReference; fileEncoding = 4; lastKnownFileType = sourcecode.c.objc; path = "NSLayoutConstraint+MASDebugAdditions.m"; sourceTree = "<group>"; };
		189858A21FAD9B130083BF89 /* View+MASAdditions.h */ = {isa = PBXFileReference; fileEncoding = 4; lastKnownFileType = sourcecode.c.h; path = "View+MASAdditions.h"; sourceTree = "<group>"; };
		189858A31FAD9B130083BF89 /* View+MASAdditions.m */ = {isa = PBXFileReference; fileEncoding = 4; lastKnownFileType = sourcecode.c.objc; path = "View+MASAdditions.m"; sourceTree = "<group>"; };
		189858A41FAD9B130083BF89 /* View+MASShorthandAdditions.h */ = {isa = PBXFileReference; fileEncoding = 4; lastKnownFileType = sourcecode.c.h; path = "View+MASShorthandAdditions.h"; sourceTree = "<group>"; };
		189858A51FAD9B130083BF89 /* ViewController+MASAdditions.h */ = {isa = PBXFileReference; fileEncoding = 4; lastKnownFileType = sourcecode.c.h; path = "ViewController+MASAdditions.h"; sourceTree = "<group>"; };
		189858A61FAD9B130083BF89 /* ViewController+MASAdditions.m */ = {isa = PBXFileReference; fileEncoding = 4; lastKnownFileType = sourcecode.c.objc; path = "ViewController+MASAdditions.m"; sourceTree = "<group>"; };
		18B94C8C1FAD944F001DA6A9 /* PickDemo.app */ = {isa = PBXFileReference; explicitFileType = wrapper.application; includeInIndex = 0; path = PickDemo.app; sourceTree = BUILT_PRODUCTS_DIR; };
		18B94C901FAD944F001DA6A9 /* main.m */ = {isa = PBXFileReference; lastKnownFileType = sourcecode.c.objc; path = main.m; sourceTree = "<group>"; };
		18B94C921FAD944F001DA6A9 /* AppDelegate.h */ = {isa = PBXFileReference; lastKnownFileType = sourcecode.c.h; path = AppDelegate.h; sourceTree = "<group>"; };
		18B94C931FAD944F001DA6A9 /* AppDelegate.m */ = {isa = PBXFileReference; lastKnownFileType = sourcecode.c.objc; path = AppDelegate.m; sourceTree = "<group>"; };
		18B94C951FAD944F001DA6A9 /* ViewController.h */ = {isa = PBXFileReference; lastKnownFileType = sourcecode.c.h; path = ViewController.h; sourceTree = "<group>"; };
		18B94C961FAD944F001DA6A9 /* ViewController.m */ = {isa = PBXFileReference; lastKnownFileType = sourcecode.c.objc; path = ViewController.m; sourceTree = "<group>"; };
		18B94C991FAD944F001DA6A9 /* Base */ = {isa = PBXFileReference; lastKnownFileType = file.storyboard; name = Base; path = Base.lproj/Main.storyboard; sourceTree = "<group>"; };
		18B94C9B1FAD944F001DA6A9 /* Assets.xcassets */ = {isa = PBXFileReference; lastKnownFileType = folder.assetcatalog; path = Assets.xcassets; sourceTree = "<group>"; };
		18B94C9E1FAD944F001DA6A9 /* Base */ = {isa = PBXFileReference; lastKnownFileType = file.storyboard; name = Base; path = Base.lproj/LaunchScreen.storyboard; sourceTree = "<group>"; };
		18B94CA01FAD944F001DA6A9 /* Info.plist */ = {isa = PBXFileReference; lastKnownFileType = text.plist.xml; path = Info.plist; sourceTree = "<group>"; };
		18B94CA51FAD9452001DA6A9 /* PickDemoTests.xctest */ = {isa = PBXFileReference; explicitFileType = wrapper.cfbundle; includeInIndex = 0; path = PickDemoTests.xctest; sourceTree = BUILT_PRODUCTS_DIR; };
		18B94CA91FAD9452001DA6A9 /* PickDemoTests.m */ = {isa = PBXFileReference; lastKnownFileType = sourcecode.c.objc; path = PickDemoTests.m; sourceTree = "<group>"; };
		18B94CAB1FAD9452001DA6A9 /* Info.plist */ = {isa = PBXFileReference; lastKnownFileType = text.plist.xml; path = Info.plist; sourceTree = "<group>"; };
		18B94CB01FAD9452001DA6A9 /* PickDemoUITests.xctest */ = {isa = PBXFileReference; explicitFileType = wrapper.cfbundle; includeInIndex = 0; path = PickDemoUITests.xctest; sourceTree = BUILT_PRODUCTS_DIR; };
		18B94CB41FAD9452001DA6A9 /* PickDemoUITests.m */ = {isa = PBXFileReference; lastKnownFileType = sourcecode.c.objc; path = PickDemoUITests.m; sourceTree = "<group>"; };
		18B94CB61FAD9452001DA6A9 /* Info.plist */ = {isa = PBXFileReference; lastKnownFileType = text.plist.xml; path = Info.plist; sourceTree = "<group>"; };
/* End PBXFileReference section */

/* Begin PBXFrameworksBuildPhase section */
		18B94C891FAD944F001DA6A9 /* Frameworks */ = {
			isa = PBXFrameworksBuildPhase;
			buildActionMask = 2147483647;
			files = (
			);
			runOnlyForDeploymentPostprocessing = 0;
		};
		18B94CA21FAD9451001DA6A9 /* Frameworks */ = {
			isa = PBXFrameworksBuildPhase;
			buildActionMask = 2147483647;
			files = (
			);
			runOnlyForDeploymentPostprocessing = 0;
		};
		18B94CAD1FAD9452001DA6A9 /* Frameworks */ = {
			isa = PBXFrameworksBuildPhase;
			buildActionMask = 2147483647;
			files = (
			);
			runOnlyForDeploymentPostprocessing = 0;
		};
/* End PBXFrameworksBuildPhase section */

/* Begin PBXGroup section */
		186043CB1FB058AF00DF6C86 /* WJPickView */ = {
			isa = PBXGroup;
			children = (
				189858891FAD9AD00083BF89 /* UIView+Extension.h */,
				1898588A1FAD9AD00083BF89 /* UIView+Extension.m */,
				186043CC1FB058E700DF6C86 /* WJPickView.h */,
				186043CD1FB058E700DF6C86 /* WJPickView.m */,
				186043E01FB1D85B00DF6C86 /* CustomPickView.h */,
				186043E11FB1D85B00DF6C86 /* CustomPickView.m */,
			);
			path = WJPickView;
			sourceTree = "<group>";
		};
		1898588C1FAD9B130083BF89 /* Masonry */ = {
			isa = PBXGroup;
			children = (
				1898588D1FAD9B130083BF89 /* Info.plist */,
				1898588E1FAD9B130083BF89 /* MASCompositeConstraint.h */,
				1898588F1FAD9B130083BF89 /* MASCompositeConstraint.m */,
				189858901FAD9B130083BF89 /* MASConstraint+Private.h */,
				189858911FAD9B130083BF89 /* MASConstraint.h */,
				189858921FAD9B130083BF89 /* MASConstraint.m */,
				189858931FAD9B130083BF89 /* MASConstraintMaker.h */,
				189858941FAD9B130083BF89 /* MASConstraintMaker.m */,
				189858951FAD9B130083BF89 /* MASLayoutConstraint.h */,
				189858961FAD9B130083BF89 /* MASLayoutConstraint.m */,
				189858971FAD9B130083BF89 /* Masonry.h */,
				189858981FAD9B130083BF89 /* MASUtilities.h */,
				189858991FAD9B130083BF89 /* MASViewAttribute.h */,
				1898589A1FAD9B130083BF89 /* MASViewAttribute.m */,
				1898589B1FAD9B130083BF89 /* MASViewConstraint.h */,
				1898589C1FAD9B130083BF89 /* MASViewConstraint.m */,
				1898589D1FAD9B130083BF89 /* NSArray+MASAdditions.h */,
				1898589E1FAD9B130083BF89 /* NSArray+MASAdditions.m */,
				1898589F1FAD9B130083BF89 /* NSArray+MASShorthandAdditions.h */,
				189858A01FAD9B130083BF89 /* NSLayoutConstraint+MASDebugAdditions.h */,
				189858A11FAD9B130083BF89 /* NSLayoutConstraint+MASDebugAdditions.m */,
				189858A21FAD9B130083BF89 /* View+MASAdditions.h */,
				189858A31FAD9B130083BF89 /* View+MASAdditions.m */,
				189858A41FAD9B130083BF89 /* View+MASShorthandAdditions.h */,
				189858A51FAD9B130083BF89 /* ViewController+MASAdditions.h */,
				189858A61FAD9B130083BF89 /* ViewController+MASAdditions.m */,
			);
			path = Masonry;
			sourceTree = "<group>";
		};
		18B94C831FAD944E001DA6A9 = {
			isa = PBXGroup;
			children = (
				18B94C8E1FAD944F001DA6A9 /* PickDemo */,
				18B94CA81FAD9452001DA6A9 /* PickDemoTests */,
				18B94CB31FAD9452001DA6A9 /* PickDemoUITests */,
				18B94C8D1FAD944F001DA6A9 /* Products */,
			);
			sourceTree = "<group>";
		};
		18B94C8D1FAD944F001DA6A9 /* Products */ = {
			isa = PBXGroup;
			children = (
				18B94C8C1FAD944F001DA6A9 /* PickDemo.app */,
				18B94CA51FAD9452001DA6A9 /* PickDemoTests.xctest */,
				18B94CB01FAD9452001DA6A9 /* PickDemoUITests.xctest */,
			);
			name = Products;
			sourceTree = "<group>";
		};
		18B94C8E1FAD944F001DA6A9 /* PickDemo */ = {
			isa = PBXGroup;
			children = (
				186043CB1FB058AF00DF6C86 /* WJPickView */,
				1898588C1FAD9B130083BF89 /* Masonry */,
				18B94C921FAD944F001DA6A9 /* AppDelegate.h */,
				18B94C931FAD944F001DA6A9 /* AppDelegate.m */,
				18B94C951FAD944F001DA6A9 /* ViewController.h */,
				18B94C961FAD944F001DA6A9 /* ViewController.m */,
				18B94C981FAD944F001DA6A9 /* Main.storyboard */,
				18B94C9B1FAD944F001DA6A9 /* Assets.xcassets */,
				18B94C9D1FAD944F001DA6A9 /* LaunchScreen.storyboard */,
				18B94CA01FAD944F001DA6A9 /* Info.plist */,
				18B94C8F1FAD944F001DA6A9 /* Supporting Files */,
			);
			path = PickDemo;
			sourceTree = "<group>";
		};
		18B94C8F1FAD944F001DA6A9 /* Supporting Files */ = {
			isa = PBXGroup;
			children = (
				189397311FB5DCAD008A359C /* co.jpg */,
				18B94C901FAD944F001DA6A9 /* main.m */,
			);
			name = "Supporting Files";
			sourceTree = "<group>";
		};
		18B94CA81FAD9452001DA6A9 /* PickDemoTests */ = {
			isa = PBXGroup;
			children = (
				18B94CA91FAD9452001DA6A9 /* PickDemoTests.m */,
				18B94CAB1FAD9452001DA6A9 /* Info.plist */,
			);
			path = PickDemoTests;
			sourceTree = "<group>";
		};
		18B94CB31FAD9452001DA6A9 /* PickDemoUITests */ = {
			isa = PBXGroup;
			children = (
				18B94CB41FAD9452001DA6A9 /* PickDemoUITests.m */,
				18B94CB61FAD9452001DA6A9 /* Info.plist */,
			);
			path = PickDemoUITests;
			sourceTree = "<group>";
		};
/* End PBXGroup section */

/* Begin PBXNativeTarget section */
		18B94C8B1FAD944F001DA6A9 /* PickDemo */ = {
			isa = PBXNativeTarget;
			buildConfigurationList = 18B94CB91FAD9452001DA6A9 /* Build configuration list for PBXNativeTarget "PickDemo" */;
			buildPhases = (
				18B94C881FAD944F001DA6A9 /* Sources */,
				18B94C891FAD944F001DA6A9 /* Frameworks */,
				18B94C8A1FAD944F001DA6A9 /* Resources */,
			);
			buildRules = (
			);
			dependencies = (
			);
			name = PickDemo;
			productName = PickDemo;
			productReference = 18B94C8C1FAD944F001DA6A9 /* PickDemo.app */;
			productType = "com.apple.product-type.application";
		};
		18B94CA41FAD9451001DA6A9 /* PickDemoTests */ = {
			isa = PBXNativeTarget;
			buildConfigurationList = 18B94CBC1FAD9452001DA6A9 /* Build configuration list for PBXNativeTarget "PickDemoTests" */;
			buildPhases = (
				18B94CA11FAD9451001DA6A9 /* Sources */,
				18B94CA21FAD9451001DA6A9 /* Frameworks */,
				18B94CA31FAD9451001DA6A9 /* Resources */,
			);
			buildRules = (
			);
			dependencies = (
				18B94CA71FAD9452001DA6A9 /* PBXTargetDependency */,
			);
			name = PickDemoTests;
			productName = PickDemoTests;
			productReference = 18B94CA51FAD9452001DA6A9 /* PickDemoTests.xctest */;
			productType = "com.apple.product-type.bundle.unit-test";
		};
		18B94CAF1FAD9452001DA6A9 /* PickDemoUITests */ = {
			isa = PBXNativeTarget;
			buildConfigurationList = 18B94CBF1FAD9452001DA6A9 /* Build configuration list for PBXNativeTarget "PickDemoUITests" */;
			buildPhases = (
				18B94CAC1FAD9452001DA6A9 /* Sources */,
				18B94CAD1FAD9452001DA6A9 /* Frameworks */,
				18B94CAE1FAD9452001DA6A9 /* Resources */,
			);
			buildRules = (
			);
			dependencies = (
				18B94CB21FAD9452001DA6A9 /* PBXTargetDependency */,
			);
			name = PickDemoUITests;
			productName = PickDemoUITests;
			productReference = 18B94CB01FAD9452001DA6A9 /* PickDemoUITests.xctest */;
			productType = "com.apple.product-type.bundle.ui-testing";
		};
/* End PBXNativeTarget section */

/* Begin PBXProject section */
		18B94C841FAD944E001DA6A9 /* Project object */ = {
			isa = PBXProject;
			attributes = {
				LastUpgradeCheck = 0830;
				ORGANIZATIONNAME = Cnadmart;
				TargetAttributes = {
					18B94C8B1FAD944F001DA6A9 = {
						CreatedOnToolsVersion = 8.3.3;
						DevelopmentTeam = SFMTBZ2N8Q;
						ProvisioningStyle = Automatic;
					};
					18B94CA41FAD9451001DA6A9 = {
						CreatedOnToolsVersion = 8.3.3;
						DevelopmentTeam = SFMTBZ2N8Q;
						ProvisioningStyle = Automatic;
						TestTargetID = 18B94C8B1FAD944F001DA6A9;
					};
					18B94CAF1FAD9452001DA6A9 = {
						CreatedOnToolsVersion = 8.3.3;
						DevelopmentTeam = SFMTBZ2N8Q;
						ProvisioningStyle = Automatic;
						TestTargetID = 18B94C8B1FAD944F001DA6A9;
					};
				};
			};
			buildConfigurationList = 18B94C871FAD944E001DA6A9 /* Build configuration list for PBXProject "PickDemo" */;
			compatibilityVersion = "Xcode 3.2";
			developmentRegion = English;
			hasScannedForEncodings = 0;
			knownRegions = (
				en,
				Base,
			);
			mainGroup = 18B94C831FAD944E001DA6A9;
			productRefGroup = 18B94C8D1FAD944F001DA6A9 /* Products */;
			projectDirPath = "";
			projectRoot = "";
			targets = (
				18B94C8B1FAD944F001DA6A9 /* PickDemo */,
				18B94CA41FAD9451001DA6A9 /* PickDemoTests */,
				18B94CAF1FAD9452001DA6A9 /* PickDemoUITests */,
			);
		};
/* End PBXProject section */

/* Begin PBXResourcesBuildPhase section */
		18B94C8A1FAD944F001DA6A9 /* Resources */ = {
			isa = PBXResourcesBuildPhase;
			buildActionMask = 2147483647;
			files = (
				189397321FB5DCAD008A359C /* co.jpg in Resources */,
				189858A71FAD9B130083BF89 /* Info.plist in Resources */,
				18B94C9F1FAD944F001DA6A9 /* LaunchScreen.storyboard in Resources */,
				18B94C9C1FAD944F001DA6A9 /* Assets.xcassets in Resources */,
				18B94C9A1FAD944F001DA6A9 /* Main.storyboard in Resources */,
			);
			runOnlyForDeploymentPostprocessing = 0;
		};
		18B94CA31FAD9451001DA6A9 /* Resources */ = {
			isa = PBXResourcesBuildPhase;
			buildActionMask = 2147483647;
			files = (
			);
			runOnlyForDeploymentPostprocessing = 0;
		};
		18B94CAE1FAD9452001DA6A9 /* Resources */ = {
			isa = PBXResourcesBuildPhase;
			buildActionMask = 2147483647;
			files = (
			);
			runOnlyForDeploymentPostprocessing = 0;
		};
/* End PBXResourcesBuildPhase section */

/* Begin PBXSourcesBuildPhase section */
		18B94C881FAD944F001DA6A9 /* Sources */ = {
			isa = PBXSourcesBuildPhase;
			buildActionMask = 2147483647;
			files = (
				186043CE1FB058E700DF6C86 /* WJPickView.m in Sources */,
				189858A91FAD9B130083BF89 /* MASConstraint.m in Sources */,
				189858AC1FAD9B130083BF89 /* MASViewAttribute.m in Sources */,
				189858B11FAD9B130083BF89 /* ViewController+MASAdditions.m in Sources */,
				189858AE1FAD9B130083BF89 /* NSArray+MASAdditions.m in Sources */,
				1898588B1FAD9AD00083BF89 /* UIView+Extension.m in Sources */,
				189858AD1FAD9B130083BF89 /* MASViewConstraint.m in Sources */,
				189858AB1FAD9B130083BF89 /* MASLayoutConstraint.m in Sources */,
				18B94C971FAD944F001DA6A9 /* ViewController.m in Sources */,
				18B94C941FAD944F001DA6A9 /* AppDelegate.m in Sources */,
				186043E21FB1D85D00DF6C86 /* CustomPickView.m in Sources */,
				189858B01FAD9B130083BF89 /* View+MASAdditions.m in Sources */,
				189858A81FAD9B130083BF89 /* MASCompositeConstraint.m in Sources */,
				189858AF1FAD9B130083BF89 /* NSLayoutConstraint+MASDebugAdditions.m in Sources */,
				189858AA1FAD9B130083BF89 /* MASConstraintMaker.m in Sources */,
				18B94C911FAD944F001DA6A9 /* main.m in Sources */,
			);
			runOnlyForDeploymentPostprocessing = 0;
		};
		18B94CA11FAD9451001DA6A9 /* Sources */ = {
			isa = PBXSourcesBuildPhase;
			buildActionMask = 2147483647;
			files = (
				18B94CAA1FAD9452001DA6A9 /* PickDemoTests.m in Sources */,
			);
			runOnlyForDeploymentPostprocessing = 0;
		};
		18B94CAC1FAD9452001DA6A9 /* Sources */ = {
			isa = PBXSourcesBuildPhase;
			buildActionMask = 2147483647;
			files = (
				18B94CB51FAD9452001DA6A9 /* PickDemoUITests.m in Sources */,
			);
			runOnlyForDeploymentPostprocessing = 0;
		};
/* End PBXSourcesBuildPhase section */

/* Begin PBXTargetDependency section */
		18B94CA71FAD9452001DA6A9 /* PBXTargetDependency */ = {
			isa = PBXTargetDependency;
			target = 18B94C8B1FAD944F001DA6A9 /* PickDemo */;
			targetProxy = 18B94CA61FAD9452001DA6A9 /* PBXContainerItemProxy */;
		};
		18B94CB21FAD9452001DA6A9 /* PBXTargetDependency */ = {
			isa = PBXTargetDependency;
			target = 18B94C8B1FAD944F001DA6A9 /* PickDemo */;
			targetProxy = 18B94CB11FAD9452001DA6A9 /* PBXContainerItemProxy */;
		};
/* End PBXTargetDependency section */

/* Begin PBXVariantGroup section */
		18B94C981FAD944F001DA6A9 /* Main.storyboard */ = {
			isa = PBXVariantGroup;
			children = (
				18B94C991FAD944F001DA6A9 /* Base */,
			);
			name = Main.storyboard;
			sourceTree = "<group>";
		};
		18B94C9D1FAD944F001DA6A9 /* LaunchScreen.storyboard */ = {
			isa = PBXVariantGroup;
			children = (
				18B94C9E1FAD944F001DA6A9 /* Base */,
			);
			name = LaunchScreen.storyboard;
			sourceTree = "<group>";
		};
/* End PBXVariantGroup section */

/* Begin XCBuildConfiguration section */
		18B94CB71FAD9452001DA6A9 /* Debug */ = {
			isa = XCBuildConfiguration;
			buildSettings = {
				ALWAYS_SEARCH_USER_PATHS = NO;
				CLANG_ANALYZER_NONNULL = YES;
				CLANG_ANALYZER_NUMBER_OBJECT_CONVERSION = YES_AGGRESSIVE;
				CLANG_CXX_LANGUAGE_STANDARD = "gnu++0x";
				CLANG_CXX_LIBRARY = "libc++";
				CLANG_ENABLE_MODULES = YES;
				CLANG_ENABLE_OBJC_ARC = YES;
				CLANG_WARN_BOOL_CONVERSION = YES;
				CLANG_WARN_CONSTANT_CONVERSION = YES;
				CLANG_WARN_DIRECT_OBJC_ISA_USAGE = YES_ERROR;
				CLANG_WARN_DOCUMENTATION_COMMENTS = YES;
				CLANG_WARN_EMPTY_BODY = YES;
				CLANG_WARN_ENUM_CONVERSION = YES;
				CLANG_WARN_INFINITE_RECURSION = YES;
				CLANG_WARN_INT_CONVERSION = YES;
				CLANG_WARN_OBJC_ROOT_CLASS = YES_ERROR;
				CLANG_WARN_SUSPICIOUS_MOVE = YES;
				CLANG_WARN_UNREACHABLE_CODE = YES;
				CLANG_WARN__DUPLICATE_METHOD_MATCH = YES;
				"CODE_SIGN_IDENTITY[sdk=iphoneos*]" = "iPhone Developer";
				COPY_PHASE_STRIP = NO;
				DEBUG_INFORMATION_FORMAT = dwarf;
				ENABLE_STRICT_OBJC_MSGSEND = YES;
				ENABLE_TESTABILITY = YES;
				GCC_C_LANGUAGE_STANDARD = gnu99;
				GCC_DYNAMIC_NO_PIC = NO;
				GCC_NO_COMMON_BLOCKS = YES;
				GCC_OPTIMIZATION_LEVEL = 0;
				GCC_PREPROCESSOR_DEFINITIONS = (
					"DEBUG=1",
					"$(inherited)",
				);
				GCC_WARN_64_TO_32_BIT_CONVERSION = YES;
				GCC_WARN_ABOUT_RETURN_TYPE = YES_ERROR;
				GCC_WARN_UNDECLARED_SELECTOR = YES;
				GCC_WARN_UNINITIALIZED_AUTOS = YES_AGGRESSIVE;
				GCC_WARN_UNUSED_FUNCTION = YES;
				GCC_WARN_UNUSED_VARIABLE = YES;
				IPHONEOS_DEPLOYMENT_TARGET = 10.3;
				MTL_ENABLE_DEBUG_INFO = YES;
				ONLY_ACTIVE_ARCH = YES;
				SDKROOT = iphoneos;
			};
			name = Debug;
		};
		18B94CB81FAD9452001DA6A9 /* Release */ = {
			isa = XCBuildConfiguration;
			buildSettings = {
				ALWAYS_SEARCH_USER_PATHS = NO;
				CLANG_ANALYZER_NONNULL = YES;
				CLANG_ANALYZER_NUMBER_OBJECT_CONVERSION = YES_AGGRESSIVE;
				CLANG_CXX_LANGUAGE_STANDARD = "gnu++0x";
				CLANG_CXX_LIBRARY = "libc++";
				CLANG_ENABLE_MODULES = YES;
				CLANG_ENABLE_OBJC_ARC = YES;
				CLANG_WARN_BOOL_CONVERSION = YES;
				CLANG_WARN_CONSTANT_CONVERSION = YES;
				CLANG_WARN_DIRECT_OBJC_ISA_USAGE = YES_ERROR;
				CLANG_WARN_DOCUMENTATION_COMMENTS = YES;
				CLANG_WARN_EMPTY_BODY = YES;
				CLANG_WARN_ENUM_CONVERSION = YES;
				CLANG_WARN_INFINITE_RECURSION = YES;
				CLANG_WARN_INT_CONVERSION = YES;
				CLANG_WARN_OBJC_ROOT_CLASS = YES_ERROR;
				CLANG_WARN_SUSPICIOUS_MOVE = YES;
				CLANG_WARN_UNREACHABLE_CODE = YES;
				CLANG_WARN__DUPLICATE_METHOD_MATCH = YES;
				"CODE_SIGN_IDENTITY[sdk=iphoneos*]" = "iPhone Developer";
				COPY_PHASE_STRIP = NO;
				DEBUG_INFORMATION_FORMAT = "dwarf-with-dsym";
				ENABLE_NS_ASSERTIONS = NO;
				ENABLE_STRICT_OBJC_MSGSEND = YES;
				GCC_C_LANGUAGE_STANDARD = gnu99;
				GCC_NO_COMMON_BLOCKS = YES;
				GCC_WARN_64_TO_32_BIT_CONVERSION = YES;
				GCC_WARN_ABOUT_RETURN_TYPE = YES_ERROR;
				GCC_WARN_UNDECLARED_SELECTOR = YES;
				GCC_WARN_UNINITIALIZED_AUTOS = YES_AGGRESSIVE;
				GCC_WARN_UNUSED_FUNCTION = YES;
				GCC_WARN_UNUSED_VARIABLE = YES;
				IPHONEOS_DEPLOYMENT_TARGET = 10.3;
				MTL_ENABLE_DEBUG_INFO = NO;
				SDKROOT = iphoneos;
				VALIDATE_PRODUCT = YES;
			};
			name = Release;
		};
		18B94CBA1FAD9452001DA6A9 /* Debug */ = {
			isa = XCBuildConfiguration;
			buildSettings = {
				ASSETCATALOG_COMPILER_APPICON_NAME = AppIcon;
				DEVELOPMENT_TEAM = SFMTBZ2N8Q;
				INFOPLIST_FILE = PickDemo/Info.plist;
				LD_RUNPATH_SEARCH_PATHS = "$(inherited) @executable_path/Frameworks";
				PRODUCT_BUNDLE_IDENTIFIER = com.cnadmart.GuangPinHui;
				PRODUCT_NAME = "$(TARGET_NAME)";
			};
			name = Debug;
		};
		18B94CBB1FAD9452001DA6A9 /* Release */ = {
			isa = XCBuildConfiguration;
			buildSettings = {
				ASSETCATALOG_COMPILER_APPICON_NAME = AppIcon;
				DEVELOPMENT_TEAM = SFMTBZ2N8Q;
				INFOPLIST_FILE = PickDemo/Info.plist;
				LD_RUNPATH_SEARCH_PATHS = "$(inherited) @executable_path/Frameworks";
				PRODUCT_BUNDLE_IDENTIFIER = com.cnadmart.GuangPinHui;
				PRODUCT_NAME = "$(TARGET_NAME)";
			};
			name = Release;
		};
		18B94CBD1FAD9452001DA6A9 /* Debug */ = {
			isa = XCBuildConfiguration;
			buildSettings = {
				BUNDLE_LOADER = "$(TEST_HOST)";
				DEVELOPMENT_TEAM = SFMTBZ2N8Q;
				INFOPLIST_FILE = PickDemoTests/Info.plist;
				LD_RUNPATH_SEARCH_PATHS = "$(inherited) @executable_path/Frameworks @loader_path/Frameworks";
				PRODUCT_BUNDLE_IDENTIFIER = com.cnadmart.PickDemoTests;
				PRODUCT_NAME = "$(TARGET_NAME)";
				TEST_HOST = "$(BUILT_PRODUCTS_DIR)/PickDemo.app/PickDemo";
			};
			name = Debug;
		};
		18B94CBE1FAD9452001DA6A9 /* Release */ = {
			isa = XCBuildConfiguration;
			buildSettings = {
				BUNDLE_LOADER = "$(TEST_HOST)";
				DEVELOPMENT_TEAM = SFMTBZ2N8Q;
				INFOPLIST_FILE = PickDemoTests/Info.plist;
				LD_RUNPATH_SEARCH_PATHS = "$(inherited) @executable_path/Frameworks @loader_path/Frameworks";
				PRODUCT_BUNDLE_IDENTIFIER = com.cnadmart.PickDemoTests;
				PRODUCT_NAME = "$(TARGET_NAME)";
				TEST_HOST = "$(BUILT_PRODUCTS_DIR)/PickDemo.app/PickDemo";
			};
			name = Release;
		};
		18B94CC01FAD9452001DA6A9 /* Debug */ = {
			isa = XCBuildConfiguration;
			buildSettings = {
				DEVELOPMENT_TEAM = SFMTBZ2N8Q;
				INFOPLIST_FILE = PickDemoUITests/Info.plist;
				LD_RUNPATH_SEARCH_PATHS = "$(inherited) @executable_path/Frameworks @loader_path/Frameworks";
				PRODUCT_BUNDLE_IDENTIFIER = com.cnadmart.PickDemoUITests;
				PRODUCT_NAME = "$(TARGET_NAME)";
				TEST_TARGET_NAME = PickDemo;
			};
			name = Debug;
		};
		18B94CC11FAD9452001DA6A9 /* Release */ = {
			isa = XCBuildConfiguration;
			buildSettings = {
				DEVELOPMENT_TEAM = SFMTBZ2N8Q;
				INFOPLIST_FILE = PickDemoUITests/Info.plist;
				LD_RUNPATH_SEARCH_PATHS = "$(inherited) @executable_path/Frameworks @loader_path/Frameworks";
				PRODUCT_BUNDLE_IDENTIFIER = com.cnadmart.PickDemoUITests;
				PRODUCT_NAME = "$(TARGET_NAME)";
				TEST_TARGET_NAME = PickDemo;
			};
			name = Release;
		};
/* End XCBuildConfiguration section */

/* Begin XCConfigurationList section */
		18B94C871FAD944E001DA6A9 /* Build configuration list for PBXProject "PickDemo" */ = {
			isa = XCConfigurationList;
			buildConfigurations = (
				18B94CB71FAD9452001DA6A9 /* Debug */,
				18B94CB81FAD9452001DA6A9 /* Release */,
			);
			defaultConfigurationIsVisible = 0;
			defaultConfigurationName = Release;
		};
		18B94CB91FAD9452001DA6A9 /* Build configuration list for PBXNativeTarget "PickDemo" */ = {
			isa = XCConfigurationList;
			buildConfigurations = (
				18B94CBA1FAD9452001DA6A9 /* Debug */,
				18B94CBB1FAD9452001DA6A9 /* Release */,
			);
			defaultConfigurationIsVisible = 0;
			defaultConfigurationName = Release;
		};
		18B94CBC1FAD9452001DA6A9 /* Build configuration list for PBXNativeTarget "PickDemoTests" */ = {
			isa = XCConfigurationList;
			buildConfigurations = (
				18B94CBD1FAD9452001DA6A9 /* Debug */,
				18B94CBE1FAD9452001DA6A9 /* Release */,
			);
			defaultConfigurationIsVisible = 0;
			defaultConfigurationName = Release;
		};
		18B94CBF1FAD9452001DA6A9 /* Build configuration list for PBXNativeTarget "PickDemoUITests" */ = {
			isa = XCConfigurationList;
			buildConfigurations = (
				18B94CC01FAD9452001DA6A9 /* Debug */,
				18B94CC11FAD9452001DA6A9 /* Release */,
			);
			defaultConfigurationIsVisible = 0;
			defaultConfigurationName = Release;
		};
/* End XCConfigurationList section */
	};
	rootObject = 18B94C841FAD944E001DA6A9 /* Project object */;
}
